{
  "requires": true,
  "lockfileVersion": 1,
  "dependencies": {
    "react-only-when": {
      "version": "1.0.2",
      "resolved": "https://registry.npmjs.org/react-only-when/-/react-only-when-1.0.2.tgz",
      "integrity": "sha512-agE6l3L6bqaVuwNtjihTQ36M+VBfPS63KOzcNL4ZTmlwSxQPvhzIqmBWfiol0/wLYmKxCcBqgXkEJpvj5Kob8Q=="
    }
  }
}
